// !$*UTF8*$!
{
	archiveVersion = 1;
	classes = {
	};
	objectVersion = 56;
	objects = {

/* Begin PBXBuildFile section */
		9BD12F4B2C24430900BBCCFA /* AppDelegate.swift in Sources */ = {isa = PBXBuildFile; fileRef = 9BD12F4A2C24430900BBCCFA /* AppDelegate.swift */; };
		9BD12F4D2C24430900BBCCFA /* SceneDelegate.swift in Sources */ = {isa = PBXBuildFile; fileRef = 9BD12F4C2C24430900BBCCFA /* SceneDelegate.swift */; };
		9BD12F4F2C24430900BBCCFA /* MainViewController.swift in Sources */ = {isa = PBXBuildFile; fileRef = 9BD12F4E2C24430900BBCCFA /* MainViewController.swift */; };
		9BD12F522C24430900BBCCFA /* Main.storyboard in Resources */ = {isa = PBXBuildFile; fileRef = 9BD12F502C24430900BBCCFA /* Main.storyboard */; };
		9BD12F552C24430900BBCCFA /* NewsApp2.xcdatamodeld in Sources */ = {isa = PBXBuildFile; fileRef = 9BD12F532C24430900BBCCFA /* NewsApp2.xcdatamodeld */; };
		9BD12F572C24430A00BBCCFA /* Assets.xcassets in Resources */ = {isa = PBXBuildFile; fileRef = 9BD12F562C24430A00BBCCFA /* Assets.xcassets */; };
		9BD12F5A2C24430A00BBCCFA /* LaunchScreen.storyboard in Resources */ = {isa = PBXBuildFile; fileRef = 9BD12F582C24430A00BBCCFA /* LaunchScreen.storyboard */; };
		9BD12F642C2449C800BBCCFA /* SavedArticleViewController.swift in Sources */ = {isa = PBXBuildFile; fileRef = 9BD12F632C2449C800BBCCFA /* SavedArticleViewController.swift */; };
		9BD12F6B2C244DA800BBCCFA /* UIColor+Extension.swift in Sources */ = {isa = PBXBuildFile; fileRef = 9BD12F6A2C244DA800BBCCFA /* UIColor+Extension.swift */; };
		9BD12F6D2C24603C00BBCCFA /* ArticleTableViewCell.swift in Sources */ = {isa = PBXBuildFile; fileRef = 9BD12F6C2C24603C00BBCCFA /* ArticleTableViewCell.swift */; };
		9BD12F702C24612500BBCCFA /* K.swift in Sources */ = {isa = PBXBuildFile; fileRef = 9BD12F6F2C24612500BBCCFA /* K.swift */; };
		9BD12F722C26796400BBCCFA /* AtricleData.swift in Sources */ = {isa = PBXBuildFile; fileRef = 9BD12F712C26796400BBCCFA /* AtricleData.swift */; };
		9BD12F742C26799B00BBCCFA /* NetworkManager.swift in Sources */ = {isa = PBXBuildFile; fileRef = 9BD12F732C26799B00BBCCFA /* NetworkManager.swift */; };
		9BD12F762C2C304A00BBCCFA /* AtricleModel.swift in Sources */ = {isa = PBXBuildFile; fileRef = 9BD12F752C2C304A00BBCCFA /* AtricleModel.swift */; };
		9BD12F782C2C31D800BBCCFA /* RealmManager.swift in Sources */ = {isa = PBXBuildFile; fileRef = 9BD12F772C2C31D800BBCCFA /* RealmManager.swift */; };
		FBF9B6810F4CF5FD95DD5D74 /* libPods-NewsApp2.a in Frameworks */ = {isa = PBXBuildFile; fileRef = C1B9245B637D4A064FE75BBD /* libPods-NewsApp2.a */; };
/* End PBXBuildFile section */

/* Begin PBXFileReference section */
		64251E124F37276A8AF70B01 /* Pods-NewsApp2.release.xcconfig */ = {isa = PBXFileReference; includeInIndex = 1; lastKnownFileType = text.xcconfig; name = "Pods-NewsApp2.release.xcconfig"; path = "Target Support Files/Pods-NewsApp2/Pods-NewsApp2.release.xcconfig"; sourceTree = "<group>"; };
		9BD12F472C24430900BBCCFA /* NewsApp2.app */ = {isa = PBXFileReference; explicitFileType = wrapper.application; includeInIndex = 0; path = NewsApp2.app; sourceTree = BUILT_PRODUCTS_DIR; };
		9BD12F4A2C24430900BBCCFA /* AppDelegate.swift */ = {isa = PBXFileReference; lastKnownFileType = sourcecode.swift; path = AppDelegate.swift; sourceTree = "<group>"; };
		9BD12F4C2C24430900BBCCFA /* SceneDelegate.swift */ = {isa = PBXFileReference; lastKnownFileType = sourcecode.swift; path = SceneDelegate.swift; sourceTree = "<group>"; };
		9BD12F4E2C24430900BBCCFA /* MainViewController.swift */ = {isa = PBXFileReference; lastKnownFileType = sourcecode.swift; path = MainViewController.swift; sourceTree = "<group>"; };
		9BD12F512C24430900BBCCFA /* Base */ = {isa = PBXFileReference; lastKnownFileType = file.storyboard; name = Base; path = Base.lproj/Main.storyboard; sourceTree = "<group>"; };
		9BD12F542C24430900BBCCFA /* NewsApp2.xcdatamodel */ = {isa = PBXFileReference; lastKnownFileType = wrapper.xcdatamodel; path = NewsApp2.xcdatamodel; sourceTree = "<group>"; };
		9BD12F562C24430A00BBCCFA /* Assets.xcassets */ = {isa = PBXFileReference; lastKnownFileType = folder.assetcatalog; path = Assets.xcassets; sourceTree = "<group>"; };
		9BD12F592C24430A00BBCCFA /* Base */ = {isa = PBXFileReference; lastKnownFileType = file.storyboard; name = Base; path = Base.lproj/LaunchScreen.storyboard; sourceTree = "<group>"; };
		9BD12F5B2C24430A00BBCCFA /* Info.plist */ = {isa = PBXFileReference; lastKnownFileType = text.plist.xml; path = Info.plist; sourceTree = "<group>"; };
		9BD12F632C2449C800BBCCFA /* SavedArticleViewController.swift */ = {isa = PBXFileReference; lastKnownFileType = sourcecode.swift; path = SavedArticleViewController.swift; sourceTree = "<group>"; };
		9BD12F6A2C244DA800BBCCFA /* UIColor+Extension.swift */ = {isa = PBXFileReference; lastKnownFileType = sourcecode.swift; path = "UIColor+Extension.swift"; sourceTree = "<group>"; };
		9BD12F6C2C24603C00BBCCFA /* ArticleTableViewCell.swift */ = {isa = PBXFileReference; lastKnownFileType = sourcecode.swift; path = ArticleTableViewCell.swift; sourceTree = "<group>"; };
		9BD12F6F2C24612500BBCCFA /* K.swift */ = {isa = PBXFileReference; lastKnownFileType = sourcecode.swift; path = K.swift; sourceTree = "<group>"; };
		9BD12F712C26796400BBCCFA /* AtricleData.swift */ = {isa = PBXFileReference; lastKnownFileType = sourcecode.swift; path = AtricleData.swift; sourceTree = "<group>"; };
		9BD12F732C26799B00BBCCFA /* NetworkManager.swift */ = {isa = PBXFileReference; lastKnownFileType = sourcecode.swift; path = NetworkManager.swift; sourceTree = "<group>"; };
		9BD12F752C2C304A00BBCCFA /* AtricleModel.swift */ = {isa = PBXFileReference; lastKnownFileType = sourcecode.swift; path = AtricleModel.swift; sourceTree = "<group>"; };
		9BD12F772C2C31D800BBCCFA /* RealmManager.swift */ = {isa = PBXFileReference; lastKnownFileType = sourcecode.swift; path = RealmManager.swift; sourceTree = "<group>"; };
		A4D0481ECEAC99C9197791D8 /* Pods-NewsApp2.debug.xcconfig */ = {isa = PBXFileReference; includeInIndex = 1; lastKnownFileType = text.xcconfig; name = "Pods-NewsApp2.debug.xcconfig"; path = "Target Support Files/Pods-NewsApp2/Pods-NewsApp2.debug.xcconfig"; sourceTree = "<group>"; };
		C1B9245B637D4A064FE75BBD /* libPods-NewsApp2.a */ = {isa = PBXFileReference; explicitFileType = archive.ar; includeInIndex = 0; path = "libPods-NewsApp2.a"; sourceTree = BUILT_PRODUCTS_DIR; };
/* End PBXFileReference section */

/* Begin PBXFrameworksBuildPhase section */
		9BD12F442C24430900BBCCFA /* Frameworks */ = {
			isa = PBXFrameworksBuildPhase;
			buildActionMask = 2147483647;
			files = (
				FBF9B6810F4CF5FD95DD5D74 /* libPods-NewsApp2.a in Frameworks */,
			);
			runOnlyForDeploymentPostprocessing = 0;
		};
/* End PBXFrameworksBuildPhase section */

/* Begin PBXGroup section */
		9BD12F3E2C24430900BBCCFA = {
			isa = PBXGroup;
			children = (
				9BD12F492C24430900BBCCFA /* NewsApp2 */,
				9BD12F482C24430900BBCCFA /* Products */,
				DAA4CCBFD19B50DC89AD4DB0 /* Pods */,
				F0D79375A7E25851639278EE /* Frameworks */,
			);
			sourceTree = "<group>";
		};
		9BD12F482C24430900BBCCFA /* Products */ = {
			isa = PBXGroup;
			children = (
				9BD12F472C24430900BBCCFA /* NewsApp2.app */,
			);
			name = Products;
			sourceTree = "<group>";
		};
		9BD12F492C24430900BBCCFA /* NewsApp2 */ = {
			isa = PBXGroup;
			children = (
				9BD12F4A2C24430900BBCCFA /* AppDelegate.swift */,
				9BD12F4C2C24430900BBCCFA /* SceneDelegate.swift */,
				9BD12F6E2C24610F00BBCCFA /* Helper */,
				9BD12F672C2449E600BBCCFA /* Model */,
				9BD12F662C2449DC00BBCCFA /* View */,
				9BD12F652C2449CF00BBCCFA /* Controller */,
				9BD12F502C24430900BBCCFA /* Main.storyboard */,
				9BD12F562C24430A00BBCCFA /* Assets.xcassets */,
				9BD12F582C24430A00BBCCFA /* LaunchScreen.storyboard */,
				9BD12F5B2C24430A00BBCCFA /* Info.plist */,
				9BD12F532C24430900BBCCFA /* NewsApp2.xcdatamodeld */,
			);
			path = NewsApp2;
			sourceTree = "<group>";
		};
		9BD12F652C2449CF00BBCCFA /* Controller */ = {
			isa = PBXGroup;
			children = (
				9BD12F4E2C24430900BBCCFA /* MainViewController.swift */,
				9BD12F632C2449C800BBCCFA /* SavedArticleViewController.swift */,
			);
			path = Controller;
			sourceTree = "<group>";
		};
		9BD12F662C2449DC00BBCCFA /* View */ = {
			isa = PBXGroup;
			children = (
				9BD12F6C2C24603C00BBCCFA /* ArticleTableViewCell.swift */,
			);
			path = View;
			sourceTree = "<group>";
		};
		9BD12F672C2449E600BBCCFA /* Model */ = {
			isa = PBXGroup;
			children = (
				9BD12F712C26796400BBCCFA /* AtricleData.swift */,
				9BD12F732C26799B00BBCCFA /* NetworkManager.swift */,
				9BD12F752C2C304A00BBCCFA /* AtricleModel.swift */,
				9BD12F772C2C31D800BBCCFA /* RealmManager.swift */,
			);
			path = Model;
			sourceTree = "<group>";
		};
		9BD12F6E2C24610F00BBCCFA /* Helper */ = {
			isa = PBXGroup;
			children = (
				9BD12F6A2C244DA800BBCCFA /* UIColor+Extension.swift */,
				9BD12F6F2C24612500BBCCFA /* K.swift */,
			);
			path = Helper;
			sourceTree = "<group>";
		};
		DAA4CCBFD19B50DC89AD4DB0 /* Pods */ = {
			isa = PBXGroup;
			children = (
				A4D0481ECEAC99C9197791D8 /* Pods-NewsApp2.debug.xcconfig */,
				64251E124F37276A8AF70B01 /* Pods-NewsApp2.release.xcconfig */,
			);
			path = Pods;
			sourceTree = "<group>";
		};
		F0D79375A7E25851639278EE /* Frameworks */ = {
			isa = PBXGroup;
			children = (
				C1B9245B637D4A064FE75BBD /* libPods-NewsApp2.a */,
			);
			name = Frameworks;
			sourceTree = "<group>";
		};
/* End PBXGroup section */

/* Begin PBXNativeTarget section */
		9BD12F462C24430900BBCCFA /* NewsApp2 */ = {
			isa = PBXNativeTarget;
			buildConfigurationList = 9BD12F5E2C24430A00BBCCFA /* Build configuration list for PBXNativeTarget "NewsApp2" */;
			buildPhases = (
				1BA0D5652CFC6B4E2C4609A8 /* [CP] Check Pods Manifest.lock */,
				9BD12F432C24430900BBCCFA /* Sources */,
				9BD12F442C24430900BBCCFA /* Frameworks */,
				9BD12F452C24430900BBCCFA /* Resources */,
				D15C67EC6896DFAF50F9CCB7 /* [CP] Copy Pods Resources */,
			);
			buildRules = (
			);
			dependencies = (
			);
			name = NewsApp2;
			productName = NewsApp2;
			productReference = 9BD12F472C24430900BBCCFA /* NewsApp2.app */;
			productType = "com.apple.product-type.application";
		};
/* End PBXNativeTarget section */

/* Begin PBXProject section */
		9BD12F3F2C24430900BBCCFA /* Project object */ = {
			isa = PBXProject;
			attributes = {
				BuildIndependentTargetsInParallel = 1;
				LastSwiftUpdateCheck = 1510;
				LastUpgradeCheck = 1510;
				TargetAttributes = {
					9BD12F462C24430900BBCCFA = {
						CreatedOnToolsVersion = 15.1;
					};
				};
			};
			buildConfigurationList = 9BD12F422C24430900BBCCFA /* Build configuration list for PBXProject "NewsApp2" */;
			compatibilityVersion = "Xcode 14.0";
			developmentRegion = en;
			hasScannedForEncodings = 0;
			knownRegions = (
				en,
				Base,
			);
			mainGroup = 9BD12F3E2C24430900BBCCFA;
			productRefGroup = 9BD12F482C24430900BBCCFA /* Products */;
			projectDirPath = "";
			projectRoot = "";
			targets = (
				9BD12F462C24430900BBCCFA /* NewsApp2 */,
			);
		};
/* End PBXProject section */

/* Begin PBXResourcesBuildPhase section */
		9BD12F452C24430900BBCCFA /* Resources */ = {
			isa = PBXResourcesBuildPhase;
			buildActionMask = 2147483647;
			files = (
				9BD12F5A2C24430A00BBCCFA /* LaunchScreen.storyboard in Resources */,
				9BD12F572C24430A00BBCCFA /* Assets.xcassets in Resources */,
				9BD12F522C24430900BBCCFA /* Main.storyboard in Resources */,
			);
			runOnlyForDeploymentPostprocessing = 0;
		};
/* End PBXResourcesBuildPhase section */

/* Begin PBXShellScriptBuildPhase section */
		1BA0D5652CFC6B4E2C4609A8 /* [CP] Check Pods Manifest.lock */ = {
			isa = PBXShellScriptBuildPhase;
			buildActionMask = 2147483647;
			files = (
			);
			inputFileListPaths = (
			);
			inputPaths = (
				"${PODS_PODFILE_DIR_PATH}/Podfile.lock",
				"${PODS_ROOT}/Manifest.lock",
			);
			name = "[CP] Check Pods Manifest.lock";
			outputFileListPaths = (
			);
			outputPaths = (
				"$(DERIVED_FILE_DIR)/Pods-NewsApp2-checkManifestLockResult.txt",
			);
			runOnlyForDeploymentPostprocessing = 0;
			shellPath = /bin/sh;
			shellScript = "diff \"${PODS_PODFILE_DIR_PATH}/Podfile.lock\" \"${PODS_ROOT}/Manifest.lock\" > /dev/null\nif [ $? != 0 ] ; then\n    # print error to STDERR\n    echo \"error: The sandbox is not in sync with the Podfile.lock. Run 'pod install' or update your CocoaPods installation.\" >&2\n    exit 1\nfi\n# This output is used by Xcode 'outputs' to avoid re-running this script phase.\necho \"SUCCESS\" > \"${SCRIPT_OUTPUT_FILE_0}\"\n";
			showEnvVarsInLog = 0;
		};
		D15C67EC6896DFAF50F9CCB7 /* [CP] Copy Pods Resources */ = {
			isa = PBXShellScriptBuildPhase;
			buildActionMask = 2147483647;
			files = (
			);
			inputFileListPaths = (
				"${PODS_ROOT}/Target Support Files/Pods-NewsApp2/Pods-NewsApp2-resources-${CONFIGURATION}-input-files.xcfilelist",
			);
			name = "[CP] Copy Pods Resources";
			outputFileListPaths = (
				"${PODS_ROOT}/Target Support Files/Pods-NewsApp2/Pods-NewsApp2-resources-${CONFIGURATION}-output-files.xcfilelist",
			);
			runOnlyForDeploymentPostprocessing = 0;
			shellPath = /bin/sh;
			shellScript = "\"${PODS_ROOT}/Target Support Files/Pods-NewsApp2/Pods-NewsApp2-resources.sh\"\n";
			showEnvVarsInLog = 0;
		};
/* End PBXShellScriptBuildPhase section */

/* Begin PBXSourcesBuildPhase section */
		9BD12F432C24430900BBCCFA /* Sources */ = {
			isa = PBXSourcesBuildPhase;
			buildActionMask = 2147483647;
			files = (
				9BD12F762C2C304A00BBCCFA /* AtricleModel.swift in Sources */,
				9BD12F4F2C24430900BBCCFA /* MainViewController.swift in Sources */,
				9BD12F552C24430900BBCCFA /* NewsApp2.xcdatamodeld in Sources */,
				9BD12F742C26799B00BBCCFA /* NetworkManager.swift in Sources */,
				9BD12F4B2C24430900BBCCFA /* AppDelegate.swift in Sources */,
				9BD12F782C2C31D800BBCCFA /* RealmManager.swift in Sources */,
				9BD12F6B2C244DA800BBCCFA /* UIColor+Extension.swift in Sources */,
				9BD12F722C26796400BBCCFA /* AtricleData.swift in Sources */,
				9BD12F4D2C24430900BBCCFA /* SceneDelegate.swift in Sources */,
				9BD12F6D2C24603C00BBCCFA /* ArticleTableViewCell.swift in Sources */,
				9BD12F642C2449C800BBCCFA /* SavedArticleViewController.swift in Sources */,
				9BD12F702C24612500BBCCFA /* K.swift in Sources */,
			);
			runOnlyForDeploymentPostprocessing = 0;
		};
/* End PBXSourcesBuildPhase section */

/* Begin PBXVariantGroup section */
		9BD12F502C24430900BBCCFA /* Main.storyboard */ = {
			isa = PBXVariantGroup;
			children = (
				9BD12F512C24430900BBCCFA /* Base */,
			);
			name = Main.storyboard;
			sourceTree = "<group>";
		};
		9BD12F582C24430A00BBCCFA /* LaunchScreen.storyboard */ = {
			isa = PBXVariantGroup;
			children = (
				9BD12F592C24430A00BBCCFA /* Base */,
			);
			name = LaunchScreen.storyboard;
			sourceTree = "<group>";
		};
/* End PBXVariantGroup section */

/* Begin XCBuildConfiguration section */
		9BD12F5C2C24430A00BBCCFA /* Debug */ = {
			isa = XCBuildConfiguration;
			buildSettings = {
				ALWAYS_SEARCH_USER_PATHS = NO;
				ASSETCATALOG_COMPILER_GENERATE_SWIFT_ASSET_SYMBOL_EXTENSIONS = YES;
				CLANG_ANALYZER_NONNULL = YES;
				CLANG_ANALYZER_NUMBER_OBJECT_CONVERSION = YES_AGGRESSIVE;
				CLANG_CXX_LANGUAGE_STANDARD = "gnu++20";
				CLANG_ENABLE_MODULES = YES;
				CLANG_ENABLE_OBJC_ARC = YES;
				CLANG_ENABLE_OBJC_WEAK = YES;
				CLANG_WARN_BLOCK_CAPTURE_AUTORELEASING = YES;
				CLANG_WARN_BOOL_CONVERSION = YES;
				CLANG_WARN_COMMA = YES;
				CLANG_WARN_CONSTANT_CONVERSION = YES;
				CLANG_WARN_DEPRECATED_OBJC_IMPLEMENTATIONS = YES;
				CLANG_WARN_DIRECT_OBJC_ISA_USAGE = YES_ERROR;
				CLANG_WARN_DOCUMENTATION_COMMENTS = YES;
				CLANG_WARN_EMPTY_BODY = YES;
				CLANG_WARN_ENUM_CONVERSION = YES;
				CLANG_WARN_INFINITE_RECURSION = YES;
				CLANG_WARN_INT_CONVERSION = YES;
				CLANG_WARN_NON_LITERAL_NULL_CONVERSION = YES;
				CLANG_WARN_OBJC_IMPLICIT_RETAIN_SELF = YES;
				CLANG_WARN_OBJC_LITERAL_CONVERSION = YES;
				CLANG_WARN_OBJC_ROOT_CLASS = YES_ERROR;
				CLANG_WARN_QUOTED_INCLUDE_IN_FRAMEWORK_HEADER = YES;
				CLANG_WARN_RANGE_LOOP_ANALYSIS = YES;
				CLANG_WARN_STRICT_PROTOTYPES = YES;
				CLANG_WARN_SUSPICIOUS_MOVE = YES;
				CLANG_WARN_UNGUARDED_AVAILABILITY = YES_AGGRESSIVE;
				CLANG_WARN_UNREACHABLE_CODE = YES;
				CLANG_WARN__DUPLICATE_METHOD_MATCH = YES;
				COPY_PHASE_STRIP = NO;
				DEBUG_INFORMATION_FORMAT = dwarf;
				ENABLE_STRICT_OBJC_MSGSEND = YES;
				ENABLE_TESTABILITY = YES;
				ENABLE_USER_SCRIPT_SANDBOXING = YES;
				GCC_C_LANGUAGE_STANDARD = gnu17;
				GCC_DYNAMIC_NO_PIC = NO;
				GCC_NO_COMMON_BLOCKS = YES;
				GCC_OPTIMIZATION_LEVEL = 0;
				GCC_PREPROCESSOR_DEFINITIONS = (
					"DEBUG=1",
					"$(inherited)",
				);
				GCC_WARN_64_TO_32_BIT_CONVERSION = YES;
				GCC_WARN_ABOUT_RETURN_TYPE = YES_ERROR;
				GCC_WARN_UNDECLARED_SELECTOR = YES;
				GCC_WARN_UNINITIALIZED_AUTOS = YES_AGGRESSIVE;
				GCC_WARN_UNUSED_FUNCTION = YES;
				GCC_WARN_UNUSED_VARIABLE = YES;
				IPHONEOS_DEPLOYMENT_TARGET = 17.2;
				LOCALIZATION_PREFERS_STRING_CATALOGS = YES;
				MTL_ENABLE_DEBUG_INFO = INCLUDE_SOURCE;
				MTL_FAST_MATH = YES;
				ONLY_ACTIVE_ARCH = YES;
				SDKROOT = iphoneos;
				SWIFT_ACTIVE_COMPILATION_CONDITIONS = "DEBUG $(inherited)";
				SWIFT_OPTIMIZATION_LEVEL = "-Onone";
			};
			name = Debug;
		};
		9BD12F5D2C24430A00BBCCFA /* Release */ = {
			isa = XCBuildConfiguration;
			buildSettings = {
				ALWAYS_SEARCH_USER_PATHS = NO;
				ASSETCATALOG_COMPILER_GENERATE_SWIFT_ASSET_SYMBOL_EXTENSIONS = YES;
				CLANG_ANALYZER_NONNULL = YES;
				CLANG_ANALYZER_NUMBER_OBJECT_CONVERSION = YES_AGGRESSIVE;
				CLANG_CXX_LANGUAGE_STANDARD = "gnu++20";
				CLANG_ENABLE_MODULES = YES;
				CLANG_ENABLE_OBJC_ARC = YES;
				CLANG_ENABLE_OBJC_WEAK = YES;
				CLANG_WARN_BLOCK_CAPTURE_AUTORELEASING = YES;
				CLANG_WARN_BOOL_CONVERSION = YES;
				CLANG_WARN_COMMA = YES;
				CLANG_WARN_CONSTANT_CONVERSION = YES;
				CLANG_WARN_DEPRECATED_OBJC_IMPLEMENTATIONS = YES;
				CLANG_WARN_DIRECT_OBJC_ISA_USAGE = YES_ERROR;
				CLANG_WARN_DOCUMENTATION_COMMENTS = YES;
				CLANG_WARN_EMPTY_BODY = YES;
				CLANG_WARN_ENUM_CONVERSION = YES;
				CLANG_WARN_INFINITE_RECURSION = YES;
				CLANG_WARN_INT_CONVERSION = YES;
				CLANG_WARN_NON_LITERAL_NULL_CONVERSION = YES;
				CLANG_WARN_OBJC_IMPLICIT_RETAIN_SELF = YES;
				CLANG_WARN_OBJC_LITERAL_CONVERSION = YES;
				CLANG_WARN_OBJC_ROOT_CLASS = YES_ERROR;
				CLANG_WARN_QUOTED_INCLUDE_IN_FRAMEWORK_HEADER = YES;
				CLANG_WARN_RANGE_LOOP_ANALYSIS = YES;
				CLANG_WARN_STRICT_PROTOTYPES = YES;
				CLANG_WARN_SUSPICIOUS_MOVE = YES;
				CLANG_WARN_UNGUARDED_AVAILABILITY = YES_AGGRESSIVE;
				CLANG_WARN_UNREACHABLE_CODE = YES;
				CLANG_WARN__DUPLICATE_METHOD_MATCH = YES;
				COPY_PHASE_STRIP = NO;
				DEBUG_INFORMATION_FORMAT = "dwarf-with-dsym";
				ENABLE_NS_ASSERTIONS = NO;
				ENABLE_STRICT_OBJC_MSGSEND = YES;
				ENABLE_USER_SCRIPT_SANDBOXING = YES;
				GCC_C_LANGUAGE_STANDARD = gnu17;
				GCC_NO_COMMON_BLOCKS = YES;
				GCC_WARN_64_TO_32_BIT_CONVERSION = YES;
				GCC_WARN_ABOUT_RETURN_TYPE = YES_ERROR;
				GCC_WARN_UNDECLARED_SELECTOR = YES;
				GCC_WARN_UNINITIALIZED_AUTOS = YES_AGGRESSIVE;
				GCC_WARN_UNUSED_FUNCTION = YES;
				GCC_WARN_UNUSED_VARIABLE = YES;
				IPHONEOS_DEPLOYMENT_TARGET = 17.2;
				LOCALIZATION_PREFERS_STRING_CATALOGS = YES;
				MTL_ENABLE_DEBUG_INFO = NO;
				MTL_FAST_MATH = YES;
				SDKROOT = iphoneos;
				SWIFT_COMPILATION_MODE = wholemodule;
				VALIDATE_PRODUCT = YES;
			};
			name = Release;
		};
		9BD12F5F2C24430A00BBCCFA /* Debug */ = {
			isa = XCBuildConfiguration;
			baseConfigurationReference = A4D0481ECEAC99C9197791D8 /* Pods-NewsApp2.debug.xcconfig */;
			buildSettings = {
				ASSETCATALOG_COMPILER_APPICON_NAME = AppIcon;
				ASSETCATALOG_COMPILER_GLOBAL_ACCENT_COLOR_NAME = AccentColor;
				CODE_SIGN_STYLE = Automatic;
				CURRENT_PROJECT_VERSION = 1;
				DEVELOPMENT_TEAM = HH8T8G7VKN;
				ENABLE_USER_SCRIPT_SANDBOXING = NO;
				GENERATE_INFOPLIST_FILE = YES;
				INFOPLIST_FILE = NewsApp2/Info.plist;
				INFOPLIST_KEY_UIApplicationSupportsIndirectInputEvents = YES;
				INFOPLIST_KEY_UILaunchStoryboardName = LaunchScreen;
				INFOPLIST_KEY_UIMainStoryboardFile = Main;
				INFOPLIST_KEY_UISupportedInterfaceOrientations = UIInterfaceOrientationPortrait;
				INFOPLIST_KEY_UISupportedInterfaceOrientations_iPad = "UIInterfaceOrientationLandscapeLeft UIInterfaceOrientationLandscapeRight UIInterfaceOrientationPortrait UIInterfaceOrientationPortraitUpsideDown";
				IPHONEOS_DEPLOYMENT_TARGET = 15.0;
				LD_RUNPATH_SEARCH_PATHS = (
					"$(inherited)",
					"@executable_path/Frameworks",
				);
				MARKETING_VERSION = 1.0;
				PRODUCT_BUNDLE_IDENTIFIER = com.gaeul.NewsApp2;
				PRODUCT_NAME = "$(TARGET_NAME)";
				SUPPORTED_PLATFORMS = "iphoneos iphonesimulator";
				SUPPORTS_MACCATALYST = NO;
				SUPPORTS_MAC_DESIGNED_FOR_IPHONE_IPAD = NO;
				SWIFT_EMIT_LOC_STRINGS = YES;
				SWIFT_VERSION = 5.0;
				TARGETED_DEVICE_FAMILY = 1;
			};
			name = Debug;
		};
		9BD12F602C24430A00BBCCFA /* Release */ = {
			isa = XCBuildConfiguration;
			baseConfigurationReference = 64251E124F37276A8AF70B01 /* Pods-NewsApp2.release.xcconfig */;
			buildSettings = {
				ASSETCATALOG_COMPILER_APPICON_NAME = AppIcon;
				ASSETCATALOG_COMPILER_GLOBAL_ACCENT_COLOR_NAME = AccentColor;
				CODE_SIGN_STYLE = Automatic;
				CURRENT_PROJECT_VERSION = 1;
				DEVELOPMENT_TEAM = HH8T8G7VKN;
				ENABLE_USER_SCRIPT_SANDBOXING = NO;
				GENERATE_INFOPLIST_FILE = YES;
				INFOPLIST_FILE = NewsApp2/Info.plist;
				INFOPLIST_KEY_UIApplicationSupportsIndirectInputEvents = YES;
				INFOPLIST_KEY_UILaunchStoryboardName = LaunchScreen;
				INFOPLIST_KEY_UIMainStoryboardFile = Main;
				INFOPLIST_KEY_UISupportedInterfaceOrientations = UIInterfaceOrientationPortrait;
				INFOPLIST_KEY_UISupportedInterfaceOrientations_iPad = "UIInterfaceOrientationLandscapeLeft UIInterfaceOrientationLandscapeRight UIInterfaceOrientationPortrait UIInterfaceOrientationPortraitUpsideDown";
				IPHONEOS_DEPLOYMENT_TARGET = 15.0;
				LD_RUNPATH_SEARCH_PATHS = (
					"$(inherited)",
					"@executable_path/Frameworks",
				);
				MARKETING_VERSION = 1.0;
				PRODUCT_BUNDLE_IDENTIFIER = com.gaeul.NewsApp2;
				PRODUCT_NAME = "$(TARGET_NAME)";
				SUPPORTED_PLATFORMS = "iphoneos iphonesimulator";
				SUPPORTS_MACCATALYST = NO;
				SUPPORTS_MAC_DESIGNED_FOR_IPHONE_IPAD = NO;
				SWIFT_EMIT_LOC_STRINGS = YES;
				SWIFT_VERSION = 5.0;
				TARGETED_DEVICE_FAMILY = 1;
			};
			name = Release;
		};
/* End XCBuildConfiguration section */

/* Begin XCConfigurationList section */
		9BD12F422C24430900BBCCFA /* Build configuration list for PBXProject "NewsApp2" */ = {
			isa = XCConfigurationList;
			buildConfigurations = (
				9BD12F5C2C24430A00BBCCFA /* Debug */,
				9BD12F5D2C24430A00BBCCFA /* Release */,
			);
			defaultConfigurationIsVisible = 0;
			defaultConfigurationName = Release;
		};
		9BD12F5E2C24430A00BBCCFA /* Build configuration list for PBXNativeTarget "NewsApp2" */ = {
			isa = XCConfigurationList;
			buildConfigurations = (
				9BD12F5F2C24430A00BBCCFA /* Debug */,
				9BD12F602C24430A00BBCCFA /* Release */,
			);
			defaultConfigurationIsVisible = 0;
			defaultConfigurationName = Release;
		};
/* End XCConfigurationList section */

/* Begin XCVersionGroup section */
		9BD12F532C24430900BBCCFA /* NewsApp2.xcdatamodeld */ = {
			isa = XCVersionGroup;
			children = (
				9BD12F542C24430900BBCCFA /* NewsApp2.xcdatamodel */,
			);
			currentVersion = 9BD12F542C24430900BBCCFA /* NewsApp2.xcdatamodel */;
			path = NewsApp2.xcdatamodeld;
			sourceTree = "<group>";
			versionGroupType = wrapper.xcdatamodel;
		};
/* End XCVersionGroup section */
	};
	rootObject = 9BD12F3F2C24430900BBCCFA /* Project object */;
}
